
Microsoft Visual Studio Solution File, Format Version 12.00
# Visual Studio Version 16
VisualStudioVersion = 16.0.31313.79
MinimumVisualStudioVersion = 10.0.40219.1
Project("{9A19103F-16F7-4668-BE54-9A1E7A4F7556}") = "IndianStateCensus", "IndianStateCensus.csproj", "{CFDCC09D-4872-4900-9D91-48BBD046A6AF}"
EndProject
Project("{9A19103F-16F7-4668-BE54-9A1E7A4F7556}") = "NewDemo", "..\..\..\..\source\repos\NewDemo\NewDemo\NewDemo.csproj", "{B1384917-7DC6-4FF8-B418-163251E68A61}"
EndProject
Project("{FAE04EC0-301F-11D3-BF4B-00C04F79EFBC}") = "NunitIndianStateCensus.Test", "..\NunitIndianStateCensus.Test\NunitIndianStateCensus.Test.csproj", "{F047E5FA-FE34-4E1D-B31B-3D4A2CB42982}"
EndProject
Global
	GlobalSection(SolutionConfigurationPlatforms) = preSolution
		Debug|Any CPU = Debug|Any CPU
		Release|Any CPU = Release|Any CPU
	EndGlobalSection
	GlobalSection(ProjectConfigurationPlatforms) = postSolution
		{CFDCC09D-4872-4900-9D91-48BBD046A6AF}.Debug|Any CPU.ActiveCfg = Debug|Any CPU
		{CFDCC09D-4872-4900-9D91-48BBD046A6AF}.Debug|Any CPU.Build.0 = Debug|Any CPU
		{CFDCC09D-4872-4900-9D91-48BBD046A6AF}.Release|Any CPU.ActiveCfg = Release|Any CPU
		{CFDCC09D-4872-4900-9D91-48BBD046A6AF}.Release|Any CPU.Build.0 = Release|Any CPU
		{B1384917-7DC6-4FF8-B418-163251E68A61}.Debug|Any CPU.ActiveCfg = Debug|Any CPU
		{B1384917-7DC6-4FF8-B418-163251E68A61}.Debug|Any CPU.Build.0 = Debug|Any CPU
		{B1384917-7DC6-4FF8-B418-163251E68A61}.Release|Any CPU.ActiveCfg = Release|Any CPU
		{B1384917-7DC6-4FF8-B418-163251E68A61}.Release|Any CPU.Build.0 = Release|Any CPU
		{F047E5FA-FE34-4E1D-B31B-3D4A2CB42982}.Debug|Any CPU.ActiveCfg = Debug|Any CPU
		{F047E5FA-FE34-4E1D-B31B-3D4A2CB42982}.Debug|Any CPU.Build.0 = Debug|Any CPU
		{F047E5FA-FE34-4E1D-B31B-3D4A2CB42982}.Release|Any CPU.ActiveCfg = Release|Any CPU
		{F047E5FA-FE34-4E1D-B31B-3D4A2CB42982}.Release|Any CPU.Build.0 = Release|Any CPU
	EndGlobalSection
	GlobalSection(SolutionProperties) = preSolution
		HideSolutionNode = FALSE
	EndGlobalSection
	GlobalSection(ExtensibilityGlobals) = postSolution
		SolutionGuid = {6B036D86-08C9-49E8-B7FC-9A4B8BA27117}
	EndGlobalSection
EndGlobal
